
Microsoft Visual Studio Solution File, Format Version 12.00
# Visual Studio 15
VisualStudioVersion = 15.0.27130.2020
MinimumVisualStudioVersion = 10.0.40219.1
Project("{FAE04EC0-301F-11D3-BF4B-00C04F79EFBC}") = "PongGame", "PongGame\PongGame.csproj", "{5488582A-4A1D-4819-853C-EFBBFCDB809A}"
EndProject
Global
	GlobalSection(SolutionConfigurationPlatforms) = preSolution
		Debug|Any CPU = Debug|Any CPU
		Release|Any CPU = Release|Any CPU
	EndGlobalSection
	GlobalSection(ProjectConfigurationPlatforms) = postSolution
		{5488582A-4A1D-4819-853C-EFBBFCDB809A}.Debug|Any CPU.ActiveCfg = Debug|Any CPU
		{5488582A-4A1D-4819-853C-EFBBFCDB809A}.Debug|Any CPU.Build.0 = Debug|Any CPU
		{5488582A-4A1D-4819-853C-EFBBFCDB809A}.Release|Any CPU.ActiveCfg = Release|Any CPU
		{5488582A-4A1D-4819-853C-EFBBFCDB809A}.Release|Any CPU.Build.0 = Release|Any CPU
	EndGlobalSection
	GlobalSection(SolutionProperties) = preSolution
		HideSolutionNode = FALSE
	EndGlobalSection
	GlobalSection(ExtensibilityGlobals) = postSolution
		SolutionGuid = {55CA3AF3-C979-490D-8193-ACEFBCC54960}
	EndGlobalSection
EndGlobal
